%{"benchee": {:hex, :benchee, "0.6.0", "c2565506c621ee010e71d05f555e39a1b937e00810e284bc85463a4d4efc4b00", [:mix], [{:deep_merge, "~> 0.1", [hex: :deep_merge, optional: false]}]},
  "benchee_html": {:hex, :benchee_html, "0.1.0", "ba1278e1b29f5f3e6ab6671f660e453303d378c69e607d788081757292a090fc", [:mix], [{:benchee, "~> 0.6", [hex: :benchee, optional: false]}, {:benchee_json, "~> 0.1", [hex: :benchee_json, optional: false]}]},
  "benchee_json": {:hex, :benchee_json, "0.1.0", "6951b014eec7c21b45172d1f1b82c0320117e8a59bd4de81d98fa24df026a64b", [:mix], [{:benchee, "~> 0.6", [hex: :benchee, optional: false]}, {:poison, "~> 3.0", [hex: :poison, optional: false]}]},
  "deep_merge": {:hex, :deep_merge, "0.1.1", "c27866a7524a337b6a039eeb8dd4f17d458fd40fbbcb8c54661b71a22fffe846", [:mix], []},
  "erlport": {:git, "https://github.com/hdima/erlport.git", "246b7722d62b87b48be66d9a871509a537728962", []},
  "export": {:hex, :export, "0.0.7", "f930e51fd09855ab5cfa3295acee86ab119f6cc386bba2a455bd6a45570d699f", [:mix], []},
  "poison": {:hex, :poison, "3.0.0", "625ebd64d33ae2e65201c2c14d6c85c27cc8b68f2d0dd37828fde9c6920dd131", [:mix], []}}
