%{"benchee": {:hex, :benchee, "0.6.0", "c2565506c621ee010e71d05f555e39a1b937e00810e284bc85463a4d4efc4b00", [:mix], [{:deep_merge, "~> 0.1", [hex: :deep_merge, optional: false]}]},
  "benchee_html": {:hex, :benchee_html, "0.1.0", "ba1278e1b29f5f3e6ab6671f660e453303d378c69e607d788081757292a090fc", [:mix], [{:benchee, "~> 0.6", [hex: :benchee, optional: false]}, {:benchee_json, "~> 0.1", [hex: :benchee_json, optional: false]}]},
  "benchee_json": {:hex, :benchee_json, "0.1.0", "6951b014eec7c21b45172d1f1b82c0320117e8a59bd4de81d98fa24df026a64b", [:mix], [{:benchee, "~> 0.6", [hex: :benchee, optional: false]}, {:poison, "~> 3.0", [hex: :poison, optional: false]}]},
  "deep_merge": {:hex, :deep_merge, "0.1.1", "c27866a7524a337b6a039eeb8dd4f17d458fd40fbbcb8c54661b71a22fffe846", [:mix], []},
  "erlport": {:hex, :erlport, "0.9.8", "b7dc57eb87f215a671926bfbcd23e6e9c76f8653b0d072627b41431ef51c4d20", [:rebar3], []},
  "export": {:hex, :export, "0.1.0", "1d1870f54996a88d067c927c7e00bca42d9e84775b4e3c75952ed351ad950551", [:mix], [{:erlport, "~> 0.9", [hex: :erlport, optional: false]}]},
  "poison": {:hex, :poison, "3.1.0", "d9eb636610e096f86f25d9a46f35a9facac35609a7591b3be3326e99a0484665", [:mix], []}}
